
Microsoft Visual Studio Solution File, Format Version 12.00
# Visual Studio Version 18
VisualStudioVersion = 18.3.11426.168
MinimumVisualStudioVersion = 10.0.40219.1
Project("{FAE04EC0-301F-11D3-BF4B-00C04F79EFBC}") = "CoreOne.Winforms", "src\CoreOne.Winforms\CoreOne.Winforms.csproj", "{B7EA2C46-FE3F-4214-93B3-764D2C580142}"
EndProject
Project("{FAE04EC0-301F-11D3-BF4B-00C04F79EFBC}") = "CoreOne.Drawing", "src\CoreOne.Drawing\CoreOne.Drawing.csproj", "{CA458936-1BAA-4A97-8408-F01A4635CFC1}"
EndProject
Project("{FAE04EC0-301F-11D3-BF4B-00C04F79EFBC}") = "Tests", "Tests\Tests.csproj", "{113051F4-3A48-4404-A32C-BB9A1630E848}"
EndProject
Project("{FAE04EC0-301F-11D3-BF4B-00C04F79EFBC}") = "SimpleFormExample", "samples\SimpleForm\SimpleFormExample.csproj", "{027E21F8-67CA-0CC5-0804-E105B70202B0}"
EndProject
Global
	GlobalSection(SolutionConfigurationPlatforms) = preSolution
		Debug|Any CPU = Debug|Any CPU
		Release|Any CPU = Release|Any CPU
	EndGlobalSection
	GlobalSection(ProjectConfigurationPlatforms) = postSolution
		{B7EA2C46-FE3F-4214-93B3-764D2C580142}.Debug|Any CPU.ActiveCfg = Debug|Any CPU
		{B7EA2C46-FE3F-4214-93B3-764D2C580142}.Debug|Any CPU.Build.0 = Debug|Any CPU
		{B7EA2C46-FE3F-4214-93B3-764D2C580142}.Release|Any CPU.ActiveCfg = Release|Any CPU
		{B7EA2C46-FE3F-4214-93B3-764D2C580142}.Release|Any CPU.Build.0 = Release|Any CPU
		{CA458936-1BAA-4A97-8408-F01A4635CFC1}.Debug|Any CPU.ActiveCfg = Debug|Any CPU
		{CA458936-1BAA-4A97-8408-F01A4635CFC1}.Debug|Any CPU.Build.0 = Debug|Any CPU
		{CA458936-1BAA-4A97-8408-F01A4635CFC1}.Release|Any CPU.ActiveCfg = Release|Any CPU
		{CA458936-1BAA-4A97-8408-F01A4635CFC1}.Release|Any CPU.Build.0 = Release|Any CPU
		{113051F4-3A48-4404-A32C-BB9A1630E848}.Debug|Any CPU.ActiveCfg = Debug|Any CPU
		{113051F4-3A48-4404-A32C-BB9A1630E848}.Debug|Any CPU.Build.0 = Debug|Any CPU
		{113051F4-3A48-4404-A32C-BB9A1630E848}.Release|Any CPU.ActiveCfg = Release|Any CPU
		{113051F4-3A48-4404-A32C-BB9A1630E848}.Release|Any CPU.Build.0 = Release|Any CPU
		{027E21F8-67CA-0CC5-0804-E105B70202B0}.Debug|Any CPU.ActiveCfg = Debug|Any CPU
		{027E21F8-67CA-0CC5-0804-E105B70202B0}.Debug|Any CPU.Build.0 = Debug|Any CPU
		{027E21F8-67CA-0CC5-0804-E105B70202B0}.Release|Any CPU.ActiveCfg = Release|Any CPU
		{027E21F8-67CA-0CC5-0804-E105B70202B0}.Release|Any CPU.Build.0 = Release|Any CPU
	EndGlobalSection
	GlobalSection(SolutionProperties) = preSolution
		HideSolutionNode = FALSE
	EndGlobalSection
	GlobalSection(ExtensibilityGlobals) = postSolution
		SolutionGuid = {FE9DF8AC-F6F5-4B7A-A31B-2089B4AEA8B2}
	EndGlobalSection
EndGlobal
